{
  "version": 4,
  "terraform_version": "1.8.4",
  "serial": 32,
  "lineage": "0758bcbe-c78e-6a59-e9c4-fd75ffe4916b",
  "outputs": {
    "docdb_endpoint": {
      "value": "dr-sandbox-docdb.cluster-czlgla4ntngu.eu-west-3.docdb.amazonaws.com",
      "type": "string"
    }
  },
  "resources": [
    {
      "module": "module.docdb",
      "mode": "managed",
      "type": "aws_docdb_cluster",
      "name": "docdb",
      "provider": "provider[\"registry.terraform.io/hashicorp/aws\"]",
      "instances": [
        {
          "schema_version": 0,
          "attributes": {
            "allow_major_version_upgrade": null,
            "apply_immediately": null,
            "arn": "arn:aws:rds:eu-west-3:609902089584:cluster:dr-sandbox-docdb",
            "availability_zones": [
              "eu-west-3a",
              "eu-west-3b",
              "eu-west-3c"
            ],
            "backup_retention_period": 5,
            "cluster_identifier": "dr-sandbox-docdb",
            "cluster_identifier_prefix": "",
            "cluster_members": [],
            "cluster_resource_id": "cluster-56SN65YFVZBY2W4YX57SMRVJN4",
            "db_cluster_parameter_group_name": "default.docdb5.0",
            "db_subnet_group_name": "asset-reality",
            "deletion_protection": false,
            "enabled_cloudwatch_logs_exports": null,
            "endpoint": "dr-sandbox-docdb.cluster-czlgla4ntngu.eu-west-3.docdb.amazonaws.com",
            "engine": "docdb",
            "engine_version": "5.0.0",
            "final_snapshot_identifier": null,
            "global_cluster_identifier": "",
            "hosted_zone_id": "Z3DCI3INAOY6D2",
            "id": "dr-sandbox-docdb",
            "kms_key_id": "arn:aws:kms:eu-west-3:609902089584:key/71488d40-7dd9-4dfa-86bf-23e27bdb9c9d",
            "master_password": "VMzLsN7PiT3EcR4x",
            "master_username": "ar",
            "port": 27017,
            "preferred_backup_window": "07:00-09:00",
            "preferred_maintenance_window": "fri:02:22-fri:02:52",
            "reader_endpoint": "dr-sandbox-docdb.cluster-ro-czlgla4ntngu.eu-west-3.docdb.amazonaws.com",
            "restore_to_point_in_time": [],
            "skip_final_snapshot": true,
            "snapshot_identifier": "rds:assetreality-documentdb-cluster-2024-08-06-00-13",
            "storage_encrypted": true,
            "storage_type": "",
            "tags": null,
            "tags_all": {},
            "timeouts": null,
            "vpc_security_group_ids": [
              "sg-0677a5c1306efde36"
            ]
          },
          "sensitive_attributes": [
            [
              {
                "type": "get_attr",
                "value": "master_password"
              }
            ]
          ],
          "private": "eyJlMmJmYjczMC1lY2FhLTExZTYtOGY4OC0zNDM2M2JjN2M0YzAiOnsiY3JlYXRlIjo3MjAwMDAwMDAwMDAwLCJkZWxldGUiOjcyMDAwMDAwMDAwMDAsInVwZGF0ZSI6NzIwMDAwMDAwMDAwMH19"
        }
      ]
    },
    {
      "module": "module.docdb",
      "mode": "managed",
      "type": "aws_docdb_cluster_instance",
      "name": "cluster_instances",
      "provider": "provider[\"registry.terraform.io/hashicorp/aws\"]",
      "instances": [
        {
          "index_key": 0,
          "schema_version": 0,
          "attributes": {
            "apply_immediately": null,
            "arn": "arn:aws:rds:eu-west-3:609902089584:db:dr-sandbox-docdb-0",
            "auto_minor_version_upgrade": true,
            "availability_zone": "eu-west-3b",
            "ca_cert_identifier": "rds-ca-rsa2048-g1",
            "cluster_identifier": "dr-sandbox-docdb",
            "copy_tags_to_snapshot": false,
            "db_subnet_group_name": "asset-reality",
            "dbi_resource_id": "db-2EOZI7PKLEGTXPSGB67LJ3JDII",
            "enable_performance_insights": null,
            "endpoint": "dr-sandbox-docdb-0.czlgla4ntngu.eu-west-3.docdb.amazonaws.com",
            "engine": "docdb",
            "engine_version": "5.0.0",
            "id": "dr-sandbox-docdb-0",
            "identifier": "dr-sandbox-docdb-0",
            "identifier_prefix": "",
            "instance_class": "db.t3.medium",
            "kms_key_id": "arn:aws:kms:eu-west-3:609902089584:key/71488d40-7dd9-4dfa-86bf-23e27bdb9c9d",
            "performance_insights_kms_key_id": null,
            "port": 27017,
            "preferred_backup_window": "07:00-09:00",
            "preferred_maintenance_window": "thu:05:29-thu:05:59",
            "promotion_tier": 0,
            "publicly_accessible": false,
            "storage_encrypted": true,
            "tags": null,
            "tags_all": {},
            "timeouts": null,
            "writer": true
          },
          "sensitive_attributes": [],
          "private": "eyJlMmJmYjczMC1lY2FhLTExZTYtOGY4OC0zNDM2M2JjN2M0YzAiOnsiY3JlYXRlIjo1NDAwMDAwMDAwMDAwLCJkZWxldGUiOjU0MDAwMDAwMDAwMDAsInVwZGF0ZSI6NTQwMDAwMDAwMDAwMH19",
          "dependencies": [
            "module.docdb.aws_docdb_cluster.docdb"
          ]
        }
      ]
    },
    {
      "module": "module.rabbitmq",
      "mode": "data",
      "type": "aws_secretsmanager_secret",
      "name": "user_secrets",
      "provider": "provider[\"registry.terraform.io/hashicorp/aws\"]",
      "instances": [
        {
          "index_key": "account",
          "schema_version": 0,
          "attributes": {
            "arn": "arn:aws:secretsmanager:eu-west-3:609902089584:secret:assetreality-rabbitmq-account-password-9H8zOM",
            "created_date": "2023-10-09T08:42:34Z",
            "description": "",
            "id": "arn:aws:secretsmanager:eu-west-3:609902089584:secret:assetreality-rabbitmq-account-password-9H8zOM",
            "kms_key_id": "",
            "last_changed_date": "2023-10-09T08:42:34Z",
            "name": "assetreality-rabbitmq-account-password",
            "policy": "",
            "tags": {}
          },
          "sensitive_attributes": []
        },
        {
          "index_key": "amrs",
          "schema_version": 0,
          "attributes": {
            "arn": "arn:aws:secretsmanager:eu-west-3:609902089584:secret:assetreality-rabbitmq-amrs-password-6st1sE",
            "created_date": "2023-09-19T23:45:48Z",
            "description": "",
            "id": "arn:aws:secretsmanager:eu-west-3:609902089584:secret:assetreality-rabbitmq-amrs-password-6st1sE",
            "kms_key_id": "",
            "last_changed_date": "2023-09-19T23:45:48Z",
            "name": "assetreality-rabbitmq-amrs-password",
            "policy": "",
            "tags": {}
          },
          "sensitive_attributes": []
        },
        {
          "index_key": "blockchain",
          "schema_version": 0,
          "attributes": {
            "arn": "arn:aws:secretsmanager:eu-west-3:609902089584:secret:assetreality-rabbitmq-blockchain-password-82C7EA",
            "created_date": "2023-09-19T23:48:41Z",
            "description": "",
            "id": "arn:aws:secretsmanager:eu-west-3:609902089584:secret:assetreality-rabbitmq-blockchain-password-82C7EA",
            "kms_key_id": "",
            "last_changed_date": "2023-09-19T23:48:41Z",
            "name": "assetreality-rabbitmq-blockchain-password",
            "policy": "",
            "tags": {}
          },
          "sensitive_attributes": []
        },
        {
          "index_key": "custodian",
          "schema_version": 0,
          "attributes": {
            "arn": "arn:aws:secretsmanager:eu-west-3:609902089584:secret:assetreality-rabbitmq-custodian-password-6DJ5R4",
            "created_date": "2023-09-19T23:50:04Z",
            "description": "",
            "id": "arn:aws:secretsmanager:eu-west-3:609902089584:secret:assetreality-rabbitmq-custodian-password-6DJ5R4",
            "kms_key_id": "",
            "last_changed_date": "2023-09-19T23:50:04Z",
            "name": "assetreality-rabbitmq-custodian-password",
            "policy": "",
            "tags": {}
          },
          "sensitive_attributes": []
        },
        {
          "index_key": "evm",
          "schema_version": 0,
          "attributes": {
            "arn": "arn:aws:secretsmanager:eu-west-3:609902089584:secret:assetreality-rabbitmq-evm-password-0NjNfS",
            "created_date": "2023-09-19T23:50:45Z",
            "description": "",
            "id": "arn:aws:secretsmanager:eu-west-3:609902089584:secret:assetreality-rabbitmq-evm-password-0NjNfS",
            "kms_key_id": "",
            "last_changed_date": "2023-09-19T23:50:45Z",
            "name": "assetreality-rabbitmq-evm-password",
            "policy": "",
            "tags": {}
          },
          "sensitive_attributes": []
        },
        {
          "index_key": "monitoring",
          "schema_version": 0,
          "attributes": {
            "arn": "arn:aws:secretsmanager:eu-west-3:609902089584:secret:assetreality-rabbitmq-monitoring-password-gp4uPH",
            "created_date": "2023-09-19T23:51:31Z",
            "description": "",
            "id": "arn:aws:secretsmanager:eu-west-3:609902089584:secret:assetreality-rabbitmq-monitoring-password-gp4uPH",
            "kms_key_id": "",
            "last_changed_date": "2023-09-19T23:51:31Z",
            "name": "assetreality-rabbitmq-monitoring-password",
            "policy": "",
            "tags": {}
          },
          "sensitive_attributes": []
        },
        {
          "index_key": "notification",
          "schema_version": 0,
          "attributes": {
            "arn": "arn:aws:secretsmanager:eu-west-3:609902089584:secret:assetreality-rabbitmq-notification-password-tu8f2D",
            "created_date": "2023-09-19T23:52:20Z",
            "description": "",
            "id": "arn:aws:secretsmanager:eu-west-3:609902089584:secret:assetreality-rabbitmq-notification-password-tu8f2D",
            "kms_key_id": "",
            "last_changed_date": "2023-09-19T23:52:20Z",
            "name": "assetreality-rabbitmq-notification-password",
            "policy": "",
            "tags": {}
          },
          "sensitive_attributes": []
        },
        {
          "index_key": "pricing",
          "schema_version": 0,
          "attributes": {
            "arn": "arn:aws:secretsmanager:eu-west-3:609902089584:secret:assetreality-rabbitmq-pricing-password-6Gtrgc",
            "created_date": "2023-09-19T23:53:23Z",
            "description": "",
            "id": "arn:aws:secretsmanager:eu-west-3:609902089584:secret:assetreality-rabbitmq-pricing-password-6Gtrgc",
            "kms_key_id": "",
            "last_changed_date": "2023-09-19T23:53:23Z",
            "name": "assetreality-rabbitmq-pricing-password",
            "policy": "",
            "tags": {}
          },
          "sensitive_attributes": []
        },
        {
          "index_key": "transaction-history",
          "schema_version": 0,
          "attributes": {
            "arn": "arn:aws:secretsmanager:eu-west-3:609902089584:secret:assetreality-rabbitmq-transaction-history-password-HQOo8m",
            "created_date": "2023-09-19T23:54:40Z",
            "description": "",
            "id": "arn:aws:secretsmanager:eu-west-3:609902089584:secret:assetreality-rabbitmq-transaction-history-password-HQOo8m",
            "kms_key_id": "",
            "last_changed_date": "2023-09-19T23:54:40Z",
            "name": "assetreality-rabbitmq-transaction-history-password",
            "policy": "",
            "tags": {}
          },
          "sensitive_attributes": []
        },
        {
          "index_key": "workers",
          "schema_version": 0,
          "attributes": {
            "arn": "arn:aws:secretsmanager:eu-west-3:609902089584:secret:assetreality-rabbitmq-workers-password-lyE7t6",
            "created_date": "2023-09-20T10:33:59Z",
            "description": "",
            "id": "arn:aws:secretsmanager:eu-west-3:609902089584:secret:assetreality-rabbitmq-workers-password-lyE7t6",
            "kms_key_id": "",
            "last_changed_date": "2023-09-20T10:33:59Z",
            "name": "assetreality-rabbitmq-workers-password",
            "policy": "",
            "tags": {}
          },
          "sensitive_attributes": []
        }
      ]
    },
    {
      "module": "module.rabbitmq",
      "mode": "data",
      "type": "aws_secretsmanager_secret_version",
      "name": "user_secret_versions",
      "provider": "provider[\"registry.terraform.io/hashicorp/aws\"]",
      "instances": [
        {
          "index_key": "account",
          "schema_version": 0,
          "attributes": {
            "arn": "arn:aws:secretsmanager:eu-west-3:609902089584:secret:assetreality-rabbitmq-account-password-9H8zOM",
            "created_date": "2023-10-09T08:42:34Z",
            "id": "arn:aws:secretsmanager:eu-west-3:609902089584:secret:assetreality-rabbitmq-account-password-9H8zOM|AWSCURRENT",
            "secret_binary": "",
            "secret_id": "arn:aws:secretsmanager:eu-west-3:609902089584:secret:assetreality-rabbitmq-account-password-9H8zOM",
            "secret_string": "LFcMC4y1e6ie69gA",
            "version_id": "7a9f769c-31fb-4518-85d3-e8cf65f724db",
            "version_stage": "AWSCURRENT",
            "version_stages": [
              "AWSCURRENT"
            ]
          },
          "sensitive_attributes": [
            [
              {
                "type": "get_attr",
                "value": "secret_binary"
              }
            ],
            [
              {
                "type": "get_attr",
                "value": "secret_string"
              }
            ]
          ]
        },
        {
          "index_key": "amrs",
          "schema_version": 0,
          "attributes": {
            "arn": "arn:aws:secretsmanager:eu-west-3:609902089584:secret:assetreality-rabbitmq-amrs-password-6st1sE",
            "created_date": "2023-09-19T23:45:48Z",
            "id": "arn:aws:secretsmanager:eu-west-3:609902089584:secret:assetreality-rabbitmq-amrs-password-6st1sE|AWSCURRENT",
            "secret_binary": "",
            "secret_id": "arn:aws:secretsmanager:eu-west-3:609902089584:secret:assetreality-rabbitmq-amrs-password-6st1sE",
            "secret_string": "bBretpfocIVUr1bF",
            "version_id": "392a17e4-b26d-4593-b9e8-6f31b03e2734",
            "version_stage": "AWSCURRENT",
            "version_stages": [
              "AWSCURRENT"
            ]
          },
          "sensitive_attributes": [
            [
              {
                "type": "get_attr",
                "value": "secret_string"
              }
            ],
            [
              {
                "type": "get_attr",
                "value": "secret_binary"
              }
            ]
          ]
        },
        {
          "index_key": "blockchain",
          "schema_version": 0,
          "attributes": {
            "arn": "arn:aws:secretsmanager:eu-west-3:609902089584:secret:assetreality-rabbitmq-blockchain-password-82C7EA",
            "created_date": "2023-09-19T23:48:41Z",
            "id": "arn:aws:secretsmanager:eu-west-3:609902089584:secret:assetreality-rabbitmq-blockchain-password-82C7EA|AWSCURRENT",
            "secret_binary": "",
            "secret_id": "arn:aws:secretsmanager:eu-west-3:609902089584:secret:assetreality-rabbitmq-blockchain-password-82C7EA",
            "secret_string": "AY9dlu9iH7LQ7xTR",
            "version_id": "17f7283f-d58a-4ed5-9976-7dbcb4e6ea57",
            "version_stage": "AWSCURRENT",
            "version_stages": [
              "AWSCURRENT"
            ]
          },
          "sensitive_attributes": [
            [
              {
                "type": "get_attr",
                "value": "secret_binary"
              }
            ],
            [
              {
                "type": "get_attr",
                "value": "secret_string"
              }
            ]
          ]
        },
        {
          "index_key": "custodian",
          "schema_version": 0,
          "attributes": {
            "arn": "arn:aws:secretsmanager:eu-west-3:609902089584:secret:assetreality-rabbitmq-custodian-password-6DJ5R4",
            "created_date": "2023-09-19T23:50:04Z",
            "id": "arn:aws:secretsmanager:eu-west-3:609902089584:secret:assetreality-rabbitmq-custodian-password-6DJ5R4|AWSCURRENT",
            "secret_binary": "",
            "secret_id": "arn:aws:secretsmanager:eu-west-3:609902089584:secret:assetreality-rabbitmq-custodian-password-6DJ5R4",
            "secret_string": "AY9dlu9iH7LQ7xTR",
            "version_id": "ef18883c-be26-4f48-9612-51d656a5afed",
            "version_stage": "AWSCURRENT",
            "version_stages": [
              "AWSCURRENT"
            ]
          },
          "sensitive_attributes": [
            [
              {
                "type": "get_attr",
                "value": "secret_string"
              }
            ],
            [
              {
                "type": "get_attr",
                "value": "secret_binary"
              }
            ]
          ]
        },
        {
          "index_key": "evm",
          "schema_version": 0,
          "attributes": {
            "arn": "arn:aws:secretsmanager:eu-west-3:609902089584:secret:assetreality-rabbitmq-evm-password-0NjNfS",
            "created_date": "2023-09-19T23:50:45Z",
            "id": "arn:aws:secretsmanager:eu-west-3:609902089584:secret:assetreality-rabbitmq-evm-password-0NjNfS|AWSCURRENT",
            "secret_binary": "",
            "secret_id": "arn:aws:secretsmanager:eu-west-3:609902089584:secret:assetreality-rabbitmq-evm-password-0NjNfS",
            "secret_string": "yCkouGD6LfbVWSSZ",
            "version_id": "43c6a020-6d99-4905-b471-5d01224a3629",
            "version_stage": "AWSCURRENT",
            "version_stages": [
              "AWSCURRENT"
            ]
          },
          "sensitive_attributes": [
            [
              {
                "type": "get_attr",
                "value": "secret_string"
              }
            ],
            [
              {
                "type": "get_attr",
                "value": "secret_binary"
              }
            ]
          ]
        },
        {
          "index_key": "monitoring",
          "schema_version": 0,
          "attributes": {
            "arn": "arn:aws:secretsmanager:eu-west-3:609902089584:secret:assetreality-rabbitmq-monitoring-password-gp4uPH",
            "created_date": "2023-09-19T23:51:31Z",
            "id": "arn:aws:secretsmanager:eu-west-3:609902089584:secret:assetreality-rabbitmq-monitoring-password-gp4uPH|AWSCURRENT",
            "secret_binary": "",
            "secret_id": "arn:aws:secretsmanager:eu-west-3:609902089584:secret:assetreality-rabbitmq-monitoring-password-gp4uPH",
            "secret_string": "jU8ju68cwOYnDzIp",
            "version_id": "4890b6f7-9bc2-4b6e-bd21-8f83e5fe33ba",
            "version_stage": "AWSCURRENT",
            "version_stages": [
              "AWSCURRENT"
            ]
          },
          "sensitive_attributes": [
            [
              {
                "type": "get_attr",
                "value": "secret_string"
              }
            ],
            [
              {
                "type": "get_attr",
                "value": "secret_binary"
              }
            ]
          ]
        },
        {
          "index_key": "notification",
          "schema_version": 0,
          "attributes": {
            "arn": "arn:aws:secretsmanager:eu-west-3:609902089584:secret:assetreality-rabbitmq-notification-password-tu8f2D",
            "created_date": "2023-09-19T23:52:20Z",
            "id": "arn:aws:secretsmanager:eu-west-3:609902089584:secret:assetreality-rabbitmq-notification-password-tu8f2D|AWSCURRENT",
            "secret_binary": "",
            "secret_id": "arn:aws:secretsmanager:eu-west-3:609902089584:secret:assetreality-rabbitmq-notification-password-tu8f2D",
            "secret_string": "ALmyxunF1zDAERDy",
            "version_id": "65800a01-d1b4-4223-86f5-265e43ca2926",
            "version_stage": "AWSCURRENT",
            "version_stages": [
              "AWSCURRENT"
            ]
          },
          "sensitive_attributes": [
            [
              {
                "type": "get_attr",
                "value": "secret_binary"
              }
            ],
            [
              {
                "type": "get_attr",
                "value": "secret_string"
              }
            ]
          ]
        },
        {
          "index_key": "pricing",
          "schema_version": 0,
          "attributes": {
            "arn": "arn:aws:secretsmanager:eu-west-3:609902089584:secret:assetreality-rabbitmq-pricing-password-6Gtrgc",
            "created_date": "2023-09-19T23:53:23Z",
            "id": "arn:aws:secretsmanager:eu-west-3:609902089584:secret:assetreality-rabbitmq-pricing-password-6Gtrgc|AWSCURRENT",
            "secret_binary": "",
            "secret_id": "arn:aws:secretsmanager:eu-west-3:609902089584:secret:assetreality-rabbitmq-pricing-password-6Gtrgc",
            "secret_string": "TVZMBZ1cVnHq4hE6",
            "version_id": "708e682d-76fa-4fbf-a1e5-e2b070e49c71",
            "version_stage": "AWSCURRENT",
            "version_stages": [
              "AWSCURRENT"
            ]
          },
          "sensitive_attributes": [
            [
              {
                "type": "get_attr",
                "value": "secret_string"
              }
            ],
            [
              {
                "type": "get_attr",
                "value": "secret_binary"
              }
            ]
          ]
        },
        {
          "index_key": "transaction-history",
          "schema_version": 0,
          "attributes": {
            "arn": "arn:aws:secretsmanager:eu-west-3:609902089584:secret:assetreality-rabbitmq-transaction-history-password-HQOo8m",
            "created_date": "2023-09-19T23:54:40Z",
            "id": "arn:aws:secretsmanager:eu-west-3:609902089584:secret:assetreality-rabbitmq-transaction-history-password-HQOo8m|AWSCURRENT",
            "secret_binary": "",
            "secret_id": "arn:aws:secretsmanager:eu-west-3:609902089584:secret:assetreality-rabbitmq-transaction-history-password-HQOo8m",
            "secret_string": "oubIR4I7pzqBQ5Ms",
            "version_id": "e9432e53-17b0-476d-88f5-592bba07b2c1",
            "version_stage": "AWSCURRENT",
            "version_stages": [
              "AWSCURRENT"
            ]
          },
          "sensitive_attributes": [
            [
              {
                "type": "get_attr",
                "value": "secret_string"
              }
            ],
            [
              {
                "type": "get_attr",
                "value": "secret_binary"
              }
            ]
          ]
        },
        {
          "index_key": "workers",
          "schema_version": 0,
          "attributes": {
            "arn": "arn:aws:secretsmanager:eu-west-3:609902089584:secret:assetreality-rabbitmq-workers-password-lyE7t6",
            "created_date": "2023-09-20T10:33:59Z",
            "id": "arn:aws:secretsmanager:eu-west-3:609902089584:secret:assetreality-rabbitmq-workers-password-lyE7t6|AWSCURRENT",
            "secret_binary": "",
            "secret_id": "arn:aws:secretsmanager:eu-west-3:609902089584:secret:assetreality-rabbitmq-workers-password-lyE7t6",
            "secret_string": "j1NYyKLKjPfy8FxH",
            "version_id": "85448270-5172-4378-a594-3d0002a46f30",
            "version_stage": "AWSCURRENT",
            "version_stages": [
              "AWSCURRENT"
            ]
          },
          "sensitive_attributes": [
            [
              {
                "type": "get_attr",
                "value": "secret_string"
              }
            ],
            [
              {
                "type": "get_attr",
                "value": "secret_binary"
              }
            ]
          ]
        }
      ]
    },
    {
      "module": "module.rds",
      "mode": "managed",
      "type": "aws_rds_cluster",
      "name": "postgres",
      "provider": "provider[\"registry.terraform.io/hashicorp/aws\"]",
      "instances": [
        {
          "schema_version": 1,
          "attributes": {
            "allocated_storage": 1,
            "allow_major_version_upgrade": null,
            "apply_immediately": true,
            "arn": "arn:aws:rds:eu-west-3:609902089584:cluster:sandbox-dr-postgres",
            "availability_zones": [
              "eu-west-3a",
              "eu-west-3b",
              "eu-west-3c"
            ],
            "backtrack_window": 0,
            "backup_retention_period": 35,
            "ca_certificate_identifier": null,
            "ca_certificate_valid_till": null,
            "cluster_identifier": "sandbox-dr-postgres",
            "cluster_identifier_prefix": "",
            "cluster_members": [],
            "cluster_resource_id": "cluster-OO3T24HQC2OBZMNXSKFWJCXGCA",
            "copy_tags_to_snapshot": false,
            "database_name": "assetreality",
            "db_cluster_instance_class": "",
            "db_cluster_parameter_group_name": "default.aurora-postgresql14",
            "db_instance_parameter_group_name": null,
            "db_subnet_group_name": "asset-reality",
            "db_system_id": "",
            "delete_automated_backups": true,
            "deletion_protection": false,
            "domain": "",
            "domain_iam_role_name": "",
            "enable_global_write_forwarding": false,
            "enable_http_endpoint": false,
            "enable_local_write_forwarding": false,
            "enabled_cloudwatch_logs_exports": null,
            "endpoint": "sandbox-dr-postgres.cluster-czlgla4ntngu.eu-west-3.rds.amazonaws.com",
            "engine": "aurora-postgresql",
            "engine_lifecycle_support": "open-source-rds-extended-support",
            "engine_mode": "provisioned",
            "engine_version": "14.9",
            "engine_version_actual": "14.9",
            "final_snapshot_identifier": null,
            "global_cluster_identifier": "",
            "hosted_zone_id": "ZMESEXB7ZGGQ3",
            "iam_database_authentication_enabled": false,
            "iam_roles": [],
            "id": "sandbox-dr-postgres",
            "iops": 0,
            "kms_key_id": "arn:aws:kms:eu-west-3:609902089584:key/71488d40-7dd9-4dfa-86bf-23e27bdb9c9d",
            "manage_master_user_password": null,
            "master_password": "password",
            "master_user_secret": [],
            "master_user_secret_kms_key_id": null,
            "master_username": "assetreality",
            "network_type": "IPV4",
            "performance_insights_enabled": false,
            "performance_insights_kms_key_id": "",
            "performance_insights_retention_period": 0,
            "port": 5432,
            "preferred_backup_window": "04:55-05:25",
            "preferred_maintenance_window": "wed:01:54-wed:02:24",
            "reader_endpoint": "sandbox-dr-postgres.cluster-ro-czlgla4ntngu.eu-west-3.rds.amazonaws.com",
            "replication_source_identifier": "",
            "restore_to_point_in_time": [],
            "s3_import": [],
            "scaling_configuration": [],
            "serverlessv2_scaling_configuration": [
              {
                "max_capacity": 1,
                "min_capacity": 0.5
              }
            ],
            "skip_final_snapshot": true,
            "snapshot_identifier": "arn:aws:rds:eu-west-3:609902089584:cluster-snapshot:rds:assetreality-instance-sandbox-cluster-2024-08-06-05-06",
            "source_region": null,
            "storage_encrypted": true,
            "storage_type": "aurora-iopt1",
            "tags": null,
            "tags_all": {},
            "timeouts": null,
            "vpc_security_group_ids": [
              "sg-0e2536998fc61c1c8"
            ]
          },
          "sensitive_attributes": [
            [
              {
                "type": "get_attr",
                "value": "master_password"
              }
            ]
          ],
          "private": "eyJlMmJmYjczMC1lY2FhLTExZTYtOGY4OC0zNDM2M2JjN2M0YzAiOnsiY3JlYXRlIjo3MjAwMDAwMDAwMDAwLCJkZWxldGUiOjcyMDAwMDAwMDAwMDAsInVwZGF0ZSI6NzIwMDAwMDAwMDAwMH0sInNjaGVtYV92ZXJzaW9uIjoiMSJ9"
        }
      ]
    },
    {
      "module": "module.rds",
      "mode": "managed",
      "type": "aws_rds_cluster_instance",
      "name": "postgres_instance",
      "provider": "provider[\"registry.terraform.io/hashicorp/aws\"]",
      "instances": [
        {
          "schema_version": 0,
          "attributes": {
            "apply_immediately": null,
            "arn": "arn:aws:rds:eu-west-3:609902089584:db:tf-20240806211542511900000001",
            "auto_minor_version_upgrade": true,
            "availability_zone": "eu-west-3c",
            "ca_cert_identifier": "rds-ca-rsa2048-g1",
            "cluster_identifier": "sandbox-dr-postgres",
            "copy_tags_to_snapshot": false,
            "custom_iam_instance_profile": "",
            "db_parameter_group_name": "default.aurora-postgresql14",
            "db_subnet_group_name": "asset-reality",
            "dbi_resource_id": "db-JBRJVWUUXN2NT2PSLKUGJPCMJQ",
            "endpoint": "tf-20240806211542511900000001.czlgla4ntngu.eu-west-3.rds.amazonaws.com",
            "engine": "aurora-postgresql",
            "engine_version": "14.9",
            "engine_version_actual": "14.9",
            "id": "tf-20240806211542511900000001",
            "identifier": "tf-20240806211542511900000001",
            "identifier_prefix": "tf-",
            "instance_class": "db.serverless",
            "kms_key_id": "arn:aws:kms:eu-west-3:609902089584:key/71488d40-7dd9-4dfa-86bf-23e27bdb9c9d",
            "monitoring_interval": 0,
            "monitoring_role_arn": "",
            "network_type": "IPV4",
            "performance_insights_enabled": false,
            "performance_insights_kms_key_id": "",
            "performance_insights_retention_period": 0,
            "port": 5432,
            "preferred_backup_window": "04:55-05:25",
            "preferred_maintenance_window": "sat:05:30-sat:06:00",
            "promotion_tier": 0,
            "publicly_accessible": false,
            "storage_encrypted": true,
            "tags": null,
            "tags_all": {},
            "timeouts": null,
            "writer": true
          },
          "sensitive_attributes": [],
          "private": "eyJlMmJmYjczMC1lY2FhLTExZTYtOGY4OC0zNDM2M2JjN2M0YzAiOnsiY3JlYXRlIjo1NDAwMDAwMDAwMDAwLCJkZWxldGUiOjU0MDAwMDAwMDAwMDAsInVwZGF0ZSI6NTQwMDAwMDAwMDAwMH19",
          "dependencies": [
            "module.rds.aws_rds_cluster.postgres"
          ]
        }
      ]
    }
  ],
  "check_results": null
}
